# THIS IS AN AUTOGENERATED FILE. DO NOT EDIT THIS FILE DIRECTLY.
# yarn lockfile v1


file-saver@2.0.2:
  version "2.0.2"
  resolved "https://registry.yarnpkg.com/file-saver/-/file-saver-2.0.2.tgz#06d6e728a9ea2df2cce2f8d9e84dfcdc338ec17a"
  integrity sha512-Wz3c3XQ5xroCxd1G8b7yL0Ehkf0TC9oYC6buPFkNnU9EnaPlifeAFCyCh+iewXTyFRcg0a6j3J7FmJsIhlhBdw==
